// !$*UTF8*$!
{
	archiveVersion = 1;
	classes = {
	};
	objectVersion = 77;
	objects = {

/* Begin PBXBuildFile section */
		CB9509722F6343A700FB922C /* FirebaseMessaging in Frameworks */ = {isa = PBXBuildFile; productRef = CB9509712F6343A700FB922C /* FirebaseMessaging */; };
		CBD627112F52496200AB96D0 /* FirebaseAuth in Frameworks */ = {isa = PBXBuildFile; productRef = CBD627102F52496200AB96D0 /* FirebaseAuth */; };
		CBD627132F52496200AB96D0 /* FirebaseCore in Frameworks */ = {isa = PBXBuildFile; productRef = CBD627122F52496200AB96D0 /* FirebaseCore */; };
		CBD627152F52496200AB96D0 /* FirebaseFirestore in Frameworks */ = {isa = PBXBuildFile; productRef = CBD627142F52496200AB96D0 /* FirebaseFirestore */; };
		CBD627172F52496200AB96D0 /* FirebaseRemoteConfig in Frameworks */ = {isa = PBXBuildFile; productRef = CBD627162F52496200AB96D0 /* FirebaseRemoteConfig */; };
/* End PBXBuildFile section */

/* Begin PBXContainerItemProxy section */
		CBD626F12F5246B200AB96D0 /* PBXContainerItemProxy */ = {
			isa = PBXContainerItemProxy;
			containerPortal = CBD626D92F5246B000AB96D0 /* Project object */;
			proxyType = 1;
			remoteGlobalIDString = CBD626E02F5246B000AB96D0;
			remoteInfo = FluxList;
		};
		CBD626FB2F5246B200AB96D0 /* PBXContainerItemProxy */ = {
			isa = PBXContainerItemProxy;
			containerPortal = CBD626D92F5246B000AB96D0 /* Project object */;
			proxyType = 1;
			remoteGlobalIDString = CBD626E02F5246B000AB96D0;
			remoteInfo = FluxList;
		};
/* End PBXContainerItemProxy section */

/* Begin PBXFileReference section */
		CBD626E12F5246B000AB96D0 /* FluxList.app */ = {isa = PBXFileReference; explicitFileType = wrapper.application; includeInIndex = 0; path = FluxList.app; sourceTree = BUILT_PRODUCTS_DIR; };
		CBD626F02F5246B200AB96D0 /* FluxListTests.xctest */ = {isa = PBXFileReference; explicitFileType = wrapper.cfbundle; includeInIndex = 0; path = FluxListTests.xctest; sourceTree = BUILT_PRODUCTS_DIR; };
		CBD626FA2F5246B200AB96D0 /* FluxListUITests.xctest */ = {isa = PBXFileReference; explicitFileType = wrapper.cfbundle; includeInIndex = 0; path = FluxListUITests.xctest; sourceTree = BUILT_PRODUCTS_DIR; };
/* End PBXFileReference section */

/* Begin PBXFileSystemSynchronizedBuildFileExceptionSet section */
		CB95096D2F6342E600FB922C /* Exceptions for "FluxList" folder in "FluxList" target */ = {
			isa = PBXFileSystemSynchronizedBuildFileExceptionSet;
			membershipExceptions = (
				Info.plist,
			);
			target = CBD626E02F5246B000AB96D0 /* FluxList */;
		};
/* End PBXFileSystemSynchronizedBuildFileExceptionSet section */

/* Begin PBXFileSystemSynchronizedRootGroup section */
		CBD626E32F5246B000AB96D0 /* FluxList */ = {
			isa = PBXFileSystemSynchronizedRootGroup;
			exceptions = (
				CB95096D2F6342E600FB922C /* Exceptions for "FluxList" folder in "FluxList" target */,
			);
			path = FluxList;
			sourceTree = "<group>";
		};
		CBD626F32F5246B200AB96D0 /* FluxListTests */ = {
			isa = PBXFileSystemSynchronizedRootGroup;
			path = FluxListTests;
			sourceTree = "<group>";
		};
		CBD626FD2F5246B200AB96D0 /* FluxListUITests */ = {
			isa = PBXFileSystemSynchronizedRootGroup;
			path = FluxListUITests;
			sourceTree = "<group>";
		};
/* End PBXFileSystemSynchronizedRootGroup section */

/* Begin PBXFrameworksBuildPhase section */
		CBD626DE2F5246B000AB96D0 /* Frameworks */ = {
			isa = PBXFrameworksBuildPhase;
			buildActionMask = 2147483647;
			files = (
				CBD627132F52496200AB96D0 /* FirebaseCore in Frameworks */,
				CBD627112F52496200AB96D0 /* FirebaseAuth in Frameworks */,
				CB9509722F6343A700FB922C /* FirebaseMessaging in Frameworks */,
				CBD627152F52496200AB96D0 /* FirebaseFirestore in Frameworks */,
				CBD627172F52496200AB96D0 /* FirebaseRemoteConfig in Frameworks */,
			);
			runOnlyForDeploymentPostprocessing = 0;
		};
		CBD626ED2F5246B200AB96D0 /* Frameworks */ = {
			isa = PBXFrameworksBuildPhase;
			buildActionMask = 2147483647;
			files = (
			);
			runOnlyForDeploymentPostprocessing = 0;
		};
		CBD626F72F5246B200AB96D0 /* Frameworks */ = {
			isa = PBXFrameworksBuildPhase;
			buildActionMask = 2147483647;
			files = (
			);
			runOnlyForDeploymentPostprocessing = 0;
		};
/* End PBXFrameworksBuildPhase section */

/* Begin PBXGroup section */
		CB9509702F6343A700FB922C /* Frameworks */ = {
			isa = PBXGroup;
			children = (
			);
			name = Frameworks;
			sourceTree = "<group>";
		};
		CBD626D82F5246B000AB96D0 = {
			isa = PBXGroup;
			children = (
				CBD626E32F5246B000AB96D0 /* FluxList */,
				CBD626F32F5246B200AB96D0 /* FluxListTests */,
				CBD626FD2F5246B200AB96D0 /* FluxListUITests */,
				CB9509702F6343A700FB922C /* Frameworks */,
				CBD626E22F5246B000AB96D0 /* Products */,
			);
			sourceTree = "<group>";
		};
		CBD626E22F5246B000AB96D0 /* Products */ = {
			isa = PBXGroup;
			children = (
				CBD626E12F5246B000AB96D0 /* FluxList.app */,
				CBD626F02F5246B200AB96D0 /* FluxListTests.xctest */,
				CBD626FA2F5246B200AB96D0 /* FluxListUITests.xctest */,
			);
			name = Products;
			sourceTree = "<group>";
		};
/* End PBXGroup section */

/* Begin PBXNativeTarget section */
		CBD626E02F5246B000AB96D0 /* FluxList */ = {
			isa = PBXNativeTarget;
			buildConfigurationList = CBD627042F5246B200AB96D0 /* Build configuration list for PBXNativeTarget "FluxList" */;
			buildPhases = (
				CBD626DD2F5246B000AB96D0 /* Sources */,
				CBD626DE2F5246B000AB96D0 /* Frameworks */,
				CBD626DF2F5246B000AB96D0 /* Resources */,
			);
			buildRules = (
			);
			dependencies = (
			);
			fileSystemSynchronizedGroups = (
				CBD626E32F5246B000AB96D0 /* FluxList */,
			);
			name = FluxList;
			packageProductDependencies = (
				CBD627102F52496200AB96D0 /* FirebaseAuth */,
				CBD627122F52496200AB96D0 /* FirebaseCore */,
				CBD627142F52496200AB96D0 /* FirebaseFirestore */,
				CBD627162F52496200AB96D0 /* FirebaseRemoteConfig */,
				CB9509712F6343A700FB922C /* FirebaseMessaging */,
			);
			productName = FluxList;
			productReference = CBD626E12F5246B000AB96D0 /* FluxList.app */;
			productType = "com.apple.product-type.application";
		};
		CBD626EF2F5246B200AB96D0 /* FluxListTests */ = {
			isa = PBXNativeTarget;
			buildConfigurationList = CBD627072F5246B200AB96D0 /* Build configuration list for PBXNativeTarget "FluxListTests" */;
			buildPhases = (
				CBD626EC2F5246B200AB96D0 /* Sources */,
				CBD626ED2F5246B200AB96D0 /* Frameworks */,
				CBD626EE2F5246B200AB96D0 /* Resources */,
			);
			buildRules = (
			);
			dependencies = (
				CBD626F22F5246B200AB96D0 /* PBXTargetDependency */,
			);
			fileSystemSynchronizedGroups = (
				CBD626F32F5246B200AB96D0 /* FluxListTests */,
			);
			name = FluxListTests;
			packageProductDependencies = (
			);
			productName = FluxListTests;
			productReference = CBD626F02F5246B200AB96D0 /* FluxListTests.xctest */;
			productType = "com.apple.product-type.bundle.unit-test";
		};
		CBD626F92F5246B200AB96D0 /* FluxListUITests */ = {
			isa = PBXNativeTarget;
			buildConfigurationList = CBD6270A2F5246B200AB96D0 /* Build configuration list for PBXNativeTarget "FluxListUITests" */;
			buildPhases = (
				CBD626F62F5246B200AB96D0 /* Sources */,
				CBD626F72F5246B200AB96D0 /* Frameworks */,
				CBD626F82F5246B200AB96D0 /* Resources */,
			);
			buildRules = (
			);
			dependencies = (
				CBD626FC2F5246B200AB96D0 /* PBXTargetDependency */,
			);
			fileSystemSynchronizedGroups = (
				CBD626FD2F5246B200AB96D0 /* FluxListUITests */,
			);
			name = FluxListUITests;
			packageProductDependencies = (
			);
			productName = FluxListUITests;
			productReference = CBD626FA2F5246B200AB96D0 /* FluxListUITests.xctest */;
			productType = "com.apple.product-type.bundle.ui-testing";
		};
/* End PBXNativeTarget section */

/* Begin PBXProject section */
		CBD626D92F5246B000AB96D0 /* Project object */ = {
			isa = PBXProject;
			attributes = {
				BuildIndependentTargetsInParallel = 1;
				LastSwiftUpdateCheck = 2630;
				LastUpgradeCheck = 2630;
				TargetAttributes = {
					CBD626E02F5246B000AB96D0 = {
						CreatedOnToolsVersion = 26.3;
					};
					CBD626EF2F5246B200AB96D0 = {
						CreatedOnToolsVersion = 26.3;
						TestTargetID = CBD626E02F5246B000AB96D0;
					};
					CBD626F92F5246B200AB96D0 = {
						CreatedOnToolsVersion = 26.3;
						TestTargetID = CBD626E02F5246B000AB96D0;
					};
				};
			};
			buildConfigurationList = CBD626DC2F5246B000AB96D0 /* Build configuration list for PBXProject "FluxList" */;
			developmentRegion = en;
			hasScannedForEncodings = 0;
			knownRegions = (
				en,
				Base,
			);
			mainGroup = CBD626D82F5246B000AB96D0;
			minimizedProjectReferenceProxies = 1;
			packageReferences = (
				CBD6270F2F52496200AB96D0 /* XCRemoteSwiftPackageReference "firebase-ios-sdk" */,
			);
			preferredProjectObjectVersion = 77;
			productRefGroup = CBD626E22F5246B000AB96D0 /* Products */;
			projectDirPath = "";
			projectRoot = "";
			targets = (
				CBD626E02F5246B000AB96D0 /* FluxList */,
				CBD626EF2F5246B200AB96D0 /* FluxListTests */,
				CBD626F92F5246B200AB96D0 /* FluxListUITests */,
			);
		};
/* End PBXProject section */

/* Begin PBXResourcesBuildPhase section */
		CBD626DF2F5246B000AB96D0 /* Resources */ = {
			isa = PBXResourcesBuildPhase;
			buildActionMask = 2147483647;
			files = (
			);
			runOnlyForDeploymentPostprocessing = 0;
		};
		CBD626EE2F5246B200AB96D0 /* Resources */ = {
			isa = PBXResourcesBuildPhase;
			buildActionMask = 2147483647;
			files = (
			);
			runOnlyForDeploymentPostprocessing = 0;
		};
		CBD626F82F5246B200AB96D0 /* Resources */ = {
			isa = PBXResourcesBuildPhase;
			buildActionMask = 2147483647;
			files = (
			);
			runOnlyForDeploymentPostprocessing = 0;
		};
/* End PBXResourcesBuildPhase section */

/* Begin PBXSourcesBuildPhase section */
		CBD626DD2F5246B000AB96D0 /* Sources */ = {
			isa = PBXSourcesBuildPhase;
			buildActionMask = 2147483647;
			files = (
			);
			runOnlyForDeploymentPostprocessing = 0;
		};
		CBD626EC2F5246B200AB96D0 /* Sources */ = {
			isa = PBXSourcesBuildPhase;
			buildActionMask = 2147483647;
			files = (
			);
			runOnlyForDeploymentPostprocessing = 0;
		};
		CBD626F62F5246B200AB96D0 /* Sources */ = {
			isa = PBXSourcesBuildPhase;
			buildActionMask = 2147483647;
			files = (
			);
			runOnlyForDeploymentPostprocessing = 0;
		};
/* End PBXSourcesBuildPhase section */

/* Begin PBXTargetDependency section */
		CBD626F22F5246B200AB96D0 /* PBXTargetDependency */ = {
			isa = PBXTargetDependency;
			target = CBD626E02F5246B000AB96D0 /* FluxList */;
			targetProxy = CBD626F12F5246B200AB96D0 /* PBXContainerItemProxy */;
		};
		CBD626FC2F5246B200AB96D0 /* PBXTargetDependency */ = {
			isa = PBXTargetDependency;
			target = CBD626E02F5246B000AB96D0 /* FluxList */;
			targetProxy = CBD626FB2F5246B200AB96D0 /* PBXContainerItemProxy */;
		};
/* End PBXTargetDependency section */

/* Begin XCBuildConfiguration section */
		CBD627022F5246B200AB96D0 /* Debug */ = {
			isa = XCBuildConfiguration;
			buildSettings = {
				ALWAYS_SEARCH_USER_PATHS = NO;
				ASSETCATALOG_COMPILER_GENERATE_SWIFT_ASSET_SYMBOL_EXTENSIONS = YES;
				CLANG_ANALYZER_NONNULL = YES;
				CLANG_ANALYZER_NUMBER_OBJECT_CONVERSION = YES_AGGRESSIVE;
				CLANG_CXX_LANGUAGE_STANDARD = "gnu++20";
				CLANG_ENABLE_MODULES = YES;
				CLANG_ENABLE_OBJC_ARC = YES;
				CLANG_ENABLE_OBJC_WEAK = YES;
				CLANG_WARN_BLOCK_CAPTURE_AUTORELEASING = YES;
				CLANG_WARN_BOOL_CONVERSION = YES;
				CLANG_WARN_COMMA = YES;
				CLANG_WARN_CONSTANT_CONVERSION = YES;
				CLANG_WARN_DEPRECATED_OBJC_IMPLEMENTATIONS = YES;
				CLANG_WARN_DIRECT_OBJC_ISA_USAGE = YES_ERROR;
				CLANG_WARN_DOCUMENTATION_COMMENTS = YES;
				CLANG_WARN_EMPTY_BODY = YES;
				CLANG_WARN_ENUM_CONVERSION = YES;
				CLANG_WARN_INFINITE_RECURSION = YES;
				CLANG_WARN_INT_CONVERSION = YES;
				CLANG_WARN_NON_LITERAL_NULL_CONVERSION = YES;
				CLANG_WARN_OBJC_IMPLICIT_RETAIN_SELF = YES;
				CLANG_WARN_OBJC_LITERAL_CONVERSION = YES;
				CLANG_WARN_OBJC_ROOT_CLASS = YES_ERROR;
				CLANG_WARN_QUOTED_INCLUDE_IN_FRAMEWORK_HEADER = YES;
				CLANG_WARN_RANGE_LOOP_ANALYSIS = YES;
				CLANG_WARN_STRICT_PROTOTYPES = YES;
				CLANG_WARN_SUSPICIOUS_MOVE = YES;
				CLANG_WARN_UNGUARDED_AVAILABILITY = YES_AGGRESSIVE;
				CLANG_WARN_UNREACHABLE_CODE = YES;
				CLANG_WARN__DUPLICATE_METHOD_MATCH = YES;
				COPY_PHASE_STRIP = NO;
				DEBUG_INFORMATION_FORMAT = dwarf;
				DEVELOPMENT_TEAM = 6X77VAD2DH;
				ENABLE_STRICT_OBJC_MSGSEND = YES;
				ENABLE_TESTABILITY = YES;
				ENABLE_USER_SCRIPT_SANDBOXING = YES;
				GCC_C_LANGUAGE_STANDARD = gnu17;
				GCC_DYNAMIC_NO_PIC = NO;
				GCC_NO_COMMON_BLOCKS = YES;
				GCC_OPTIMIZATION_LEVEL = 0;
				GCC_PREPROCESSOR_DEFINITIONS = (
					"DEBUG=1",
					"$(inherited)",
				);
				GCC_WARN_64_TO_32_BIT_CONVERSION = YES;
				GCC_WARN_ABOUT_RETURN_TYPE = YES_ERROR;
				GCC_WARN_UNDECLARED_SELECTOR = YES;
				GCC_WARN_UNINITIALIZED_AUTOS = YES_AGGRESSIVE;
				GCC_WARN_UNUSED_FUNCTION = YES;
				GCC_WARN_UNUSED_VARIABLE = YES;
				IPHONEOS_DEPLOYMENT_TARGET = 26.2;
				LOCALIZATION_PREFERS_STRING_CATALOGS = YES;
				MTL_ENABLE_DEBUG_INFO = INCLUDE_SOURCE;
				MTL_FAST_MATH = YES;
				ONLY_ACTIVE_ARCH = YES;
				SDKROOT = iphoneos;
				SWIFT_ACTIVE_COMPILATION_CONDITIONS = "DEBUG $(inherited)";
				SWIFT_OPTIMIZATION_LEVEL = "-Onone";
			};
			name = Debug;
		};
		CBD627032F5246B200AB96D0 /* Release */ = {
			isa = XCBuildConfiguration;
			buildSettings = {
				ALWAYS_SEARCH_USER_PATHS = NO;
				ASSETCATALOG_COMPILER_GENERATE_SWIFT_ASSET_SYMBOL_EXTENSIONS = YES;
				CLANG_ANALYZER_NONNULL = YES;
				CLANG_ANALYZER_NUMBER_OBJECT_CONVERSION = YES_AGGRESSIVE;
				CLANG_CXX_LANGUAGE_STANDARD = "gnu++20";
				CLANG_ENABLE_MODULES = YES;
				CLANG_ENABLE_OBJC_ARC = YES;
				CLANG_ENABLE_OBJC_WEAK = YES;
				CLANG_WARN_BLOCK_CAPTURE_AUTORELEASING = YES;
				CLANG_WARN_BOOL_CONVERSION = YES;
				CLANG_WARN_COMMA = YES;
				CLANG_WARN_CONSTANT_CONVERSION = YES;
				CLANG_WARN_DEPRECATED_OBJC_IMPLEMENTATIONS = YES;
				CLANG_WARN_DIRECT_OBJC_ISA_USAGE = YES_ERROR;
				CLANG_WARN_DOCUMENTATION_COMMENTS = YES;
				CLANG_WARN_EMPTY_BODY = YES;
				CLANG_WARN_ENUM_CONVERSION = YES;
				CLANG_WARN_INFINITE_RECURSION = YES;
				CLANG_WARN_INT_CONVERSION = YES;
				CLANG_WARN_NON_LITERAL_NULL_CONVERSION = YES;
				CLANG_WARN_OBJC_IMPLICIT_RETAIN_SELF = YES;
				CLANG_WARN_OBJC_LITERAL_CONVERSION = YES;
				CLANG_WARN_OBJC_ROOT_CLASS = YES_ERROR;
				CLANG_WARN_QUOTED_INCLUDE_IN_FRAMEWORK_HEADER = YES;
				CLANG_WARN_RANGE_LOOP_ANALYSIS = YES;
				CLANG_WARN_STRICT_PROTOTYPES = YES;
				CLANG_WARN_SUSPICIOUS_MOVE = YES;
				CLANG_WARN_UNGUARDED_AVAILABILITY = YES_AGGRESSIVE;
				CLANG_WARN_UNREACHABLE_CODE = YES;
				CLANG_WARN__DUPLICATE_METHOD_MATCH = YES;
				COPY_PHASE_STRIP = NO;
				DEBUG_INFORMATION_FORMAT = "dwarf-with-dsym";
				DEVELOPMENT_TEAM = 6X77VAD2DH;
				ENABLE_NS_ASSERTIONS = NO;
				ENABLE_STRICT_OBJC_MSGSEND = YES;
				ENABLE_USER_SCRIPT_SANDBOXING = YES;
				GCC_C_LANGUAGE_STANDARD = gnu17;
				GCC_NO_COMMON_BLOCKS = YES;
				GCC_WARN_64_TO_32_BIT_CONVERSION = YES;
				GCC_WARN_ABOUT_RETURN_TYPE = YES_ERROR;
				GCC_WARN_UNDECLARED_SELECTOR = YES;
				GCC_WARN_UNINITIALIZED_AUTOS = YES_AGGRESSIVE;
				GCC_WARN_UNUSED_FUNCTION = YES;
				GCC_WARN_UNUSED_VARIABLE = YES;
				IPHONEOS_DEPLOYMENT_TARGET = 26.2;
				LOCALIZATION_PREFERS_STRING_CATALOGS = YES;
				MTL_ENABLE_DEBUG_INFO = NO;
				MTL_FAST_MATH = YES;
				SDKROOT = iphoneos;
				SWIFT_COMPILATION_MODE = wholemodule;
				VALIDATE_PRODUCT = YES;
			};
			name = Release;
		};
		CBD627052F5246B200AB96D0 /* Debug */ = {
			isa = XCBuildConfiguration;
			buildSettings = {
				ASSETCATALOG_COMPILER_APPICON_NAME = AppIcon;
				ASSETCATALOG_COMPILER_GLOBAL_ACCENT_COLOR_NAME = AccentColor;
				CODE_SIGN_ENTITLEMENTS = FluxList/FluxList.entitlements;
				CODE_SIGN_STYLE = Automatic;
				CURRENT_PROJECT_VERSION = 3;
				DEVELOPMENT_TEAM = 6X77VAD2DH;
				ENABLE_PREVIEWS = YES;
				GENERATE_INFOPLIST_FILE = YES;
				INFOPLIST_FILE = FluxList/Info.plist;
				INFOPLIST_KEY_UIApplicationSceneManifest_Generation = YES;
				INFOPLIST_KEY_UIApplicationSupportsIndirectInputEvents = YES;
				INFOPLIST_KEY_UILaunchScreen_Generation = YES;
				INFOPLIST_KEY_UILaunchStoryboardName = LaunchScreen.storyboard;
				INFOPLIST_KEY_UISupportedInterfaceOrientations_iPad = "UIInterfaceOrientationPortrait UIInterfaceOrientationPortraitUpsideDown UIInterfaceOrientationLandscapeLeft UIInterfaceOrientationLandscapeRight";
				INFOPLIST_KEY_UISupportedInterfaceOrientations_iPhone = "UIInterfaceOrientationPortrait UIInterfaceOrientationLandscapeLeft UIInterfaceOrientationLandscapeRight";
				LD_RUNPATH_SEARCH_PATHS = (
					"$(inherited)",
					"@executable_path/Frameworks",
				);
				MARKETING_VERSION = 1.1.0;
				PRODUCT_BUNDLE_IDENTIFIER = garsontech.com.FluxList;
				PRODUCT_NAME = "$(TARGET_NAME)";
				STRING_CATALOG_GENERATE_SYMBOLS = YES;
				SWIFT_APPROACHABLE_CONCURRENCY = YES;
				SWIFT_DEFAULT_ACTOR_ISOLATION = MainActor;
				SWIFT_EMIT_LOC_STRINGS = YES;
				SWIFT_UPCOMING_FEATURE_MEMBER_IMPORT_VISIBILITY = YES;
				SWIFT_VERSION = 5.0;
				TARGETED_DEVICE_FAMILY = "1,2";
			};
			name = Debug;
		};
		CBD627062F5246B200AB96D0 /* Release */ = {
			isa = XCBuildConfiguration;
			buildSettings = {
				ASSETCATALOG_COMPILER_APPICON_NAME = AppIcon;
				ASSETCATALOG_COMPILER_GLOBAL_ACCENT_COLOR_NAME = AccentColor;
				CODE_SIGN_ENTITLEMENTS = FluxList/FluxList.entitlements;
				CODE_SIGN_STYLE = Automatic;
				CURRENT_PROJECT_VERSION = 3;
				DEVELOPMENT_TEAM = 6X77VAD2DH;
				ENABLE_PREVIEWS = YES;
				GENERATE_INFOPLIST_FILE = YES;
				INFOPLIST_FILE = FluxList/Info.plist;
				INFOPLIST_KEY_UIApplicationSceneManifest_Generation = YES;
				INFOPLIST_KEY_UIApplicationSupportsIndirectInputEvents = YES;
				INFOPLIST_KEY_UILaunchScreen_Generation = YES;
				INFOPLIST_KEY_UILaunchStoryboardName = LaunchScreen.storyboard;
				INFOPLIST_KEY_UISupportedInterfaceOrientations_iPad = "UIInterfaceOrientationPortrait UIInterfaceOrientationPortraitUpsideDown UIInterfaceOrientationLandscapeLeft UIInterfaceOrientationLandscapeRight";
				INFOPLIST_KEY_UISupportedInterfaceOrientations_iPhone = "UIInterfaceOrientationPortrait UIInterfaceOrientationLandscapeLeft UIInterfaceOrientationLandscapeRight";
				LD_RUNPATH_SEARCH_PATHS = (
					"$(inherited)",
					"@executable_path/Frameworks",
				);
				MARKETING_VERSION = 1.1.0;
				PRODUCT_BUNDLE_IDENTIFIER = garsontech.com.FluxList;
				PRODUCT_NAME = "$(TARGET_NAME)";
				STRING_CATALOG_GENERATE_SYMBOLS = YES;
				SWIFT_APPROACHABLE_CONCURRENCY = YES;
				SWIFT_DEFAULT_ACTOR_ISOLATION = MainActor;
				SWIFT_EMIT_LOC_STRINGS = YES;
				SWIFT_UPCOMING_FEATURE_MEMBER_IMPORT_VISIBILITY = YES;
				SWIFT_VERSION = 5.0;
				TARGETED_DEVICE_FAMILY = "1,2";
			};
			name = Release;
		};
		CBD627082F5246B200AB96D0 /* Debug */ = {
			isa = XCBuildConfiguration;
			buildSettings = {
				BUNDLE_LOADER = "$(TEST_HOST)";
				CODE_SIGN_STYLE = Automatic;
				CURRENT_PROJECT_VERSION = 1;
				DEVELOPMENT_TEAM = 6X77VAD2DH;
				GENERATE_INFOPLIST_FILE = YES;
				IPHONEOS_DEPLOYMENT_TARGET = 26.2;
				MARKETING_VERSION = 1.0;
				PRODUCT_BUNDLE_IDENTIFIER = garsontech.com.FluxListTests;
				PRODUCT_NAME = "$(TARGET_NAME)";
				STRING_CATALOG_GENERATE_SYMBOLS = NO;
				SWIFT_APPROACHABLE_CONCURRENCY = YES;
				SWIFT_EMIT_LOC_STRINGS = NO;
				SWIFT_UPCOMING_FEATURE_MEMBER_IMPORT_VISIBILITY = YES;
				SWIFT_VERSION = 5.0;
				TARGETED_DEVICE_FAMILY = "1,2";
				TEST_HOST = "$(BUILT_PRODUCTS_DIR)/FluxList.app/$(BUNDLE_EXECUTABLE_FOLDER_PATH)/FluxList";
			};
			name = Debug;
		};
		CBD627092F5246B200AB96D0 /* Release */ = {
			isa = XCBuildConfiguration;
			buildSettings = {
				BUNDLE_LOADER = "$(TEST_HOST)";
				CODE_SIGN_STYLE = Automatic;
				CURRENT_PROJECT_VERSION = 1;
				DEVELOPMENT_TEAM = 6X77VAD2DH;
				GENERATE_INFOPLIST_FILE = YES;
				IPHONEOS_DEPLOYMENT_TARGET = 26.2;
				MARKETING_VERSION = 1.0;
				PRODUCT_BUNDLE_IDENTIFIER = garsontech.com.FluxListTests;
				PRODUCT_NAME = "$(TARGET_NAME)";
				STRING_CATALOG_GENERATE_SYMBOLS = NO;
				SWIFT_APPROACHABLE_CONCURRENCY = YES;
				SWIFT_EMIT_LOC_STRINGS = NO;
				SWIFT_UPCOMING_FEATURE_MEMBER_IMPORT_VISIBILITY = YES;
				SWIFT_VERSION = 5.0;
				TARGETED_DEVICE_FAMILY = "1,2";
				TEST_HOST = "$(BUILT_PRODUCTS_DIR)/FluxList.app/$(BUNDLE_EXECUTABLE_FOLDER_PATH)/FluxList";
			};
			name = Release;
		};
		CBD6270B2F5246B200AB96D0 /* Debug */ = {
			isa = XCBuildConfiguration;
			buildSettings = {
				CODE_SIGN_STYLE = Automatic;
				CURRENT_PROJECT_VERSION = 1;
				DEVELOPMENT_TEAM = 6X77VAD2DH;
				GENERATE_INFOPLIST_FILE = YES;
				MARKETING_VERSION = 1.0;
				PRODUCT_BUNDLE_IDENTIFIER = garsontech.com.FluxListUITests;
				PRODUCT_NAME = "$(TARGET_NAME)";
				STRING_CATALOG_GENERATE_SYMBOLS = NO;
				SWIFT_APPROACHABLE_CONCURRENCY = YES;
				SWIFT_EMIT_LOC_STRINGS = NO;
				SWIFT_UPCOMING_FEATURE_MEMBER_IMPORT_VISIBILITY = YES;
				SWIFT_VERSION = 5.0;
				TARGETED_DEVICE_FAMILY = "1,2";
				TEST_TARGET_NAME = FluxList;
			};
			name = Debug;
		};
		CBD6270C2F5246B200AB96D0 /* Release */ = {
			isa = XCBuildConfiguration;
			buildSettings = {
				CODE_SIGN_STYLE = Automatic;
				CURRENT_PROJECT_VERSION = 1;
				DEVELOPMENT_TEAM = 6X77VAD2DH;
				GENERATE_INFOPLIST_FILE = YES;
				MARKETING_VERSION = 1.0;
				PRODUCT_BUNDLE_IDENTIFIER = garsontech.com.FluxListUITests;
				PRODUCT_NAME = "$(TARGET_NAME)";
				STRING_CATALOG_GENERATE_SYMBOLS = NO;
				SWIFT_APPROACHABLE_CONCURRENCY = YES;
				SWIFT_EMIT_LOC_STRINGS = NO;
				SWIFT_UPCOMING_FEATURE_MEMBER_IMPORT_VISIBILITY = YES;
				SWIFT_VERSION = 5.0;
				TARGETED_DEVICE_FAMILY = "1,2";
				TEST_TARGET_NAME = FluxList;
			};
			name = Release;
		};
/* End XCBuildConfiguration section */

/* Begin XCConfigurationList section */
		CBD626DC2F5246B000AB96D0 /* Build configuration list for PBXProject "FluxList" */ = {
			isa = XCConfigurationList;
			buildConfigurations = (
				CBD627022F5246B200AB96D0 /* Debug */,
				CBD627032F5246B200AB96D0 /* Release */,
			);
			defaultConfigurationIsVisible = 0;
			defaultConfigurationName = Release;
		};
		CBD627042F5246B200AB96D0 /* Build configuration list for PBXNativeTarget "FluxList" */ = {
			isa = XCConfigurationList;
			buildConfigurations = (
				CBD627052F5246B200AB96D0 /* Debug */,
				CBD627062F5246B200AB96D0 /* Release */,
			);
			defaultConfigurationIsVisible = 0;
			defaultConfigurationName = Release;
		};
		CBD627072F5246B200AB96D0 /* Build configuration list for PBXNativeTarget "FluxListTests" */ = {
			isa = XCConfigurationList;
			buildConfigurations = (
				CBD627082F5246B200AB96D0 /* Debug */,
				CBD627092F5246B200AB96D0 /* Release */,
			);
			defaultConfigurationIsVisible = 0;
			defaultConfigurationName = Release;
		};
		CBD6270A2F5246B200AB96D0 /* Build configuration list for PBXNativeTarget "FluxListUITests" */ = {
			isa = XCConfigurationList;
			buildConfigurations = (
				CBD6270B2F5246B200AB96D0 /* Debug */,
				CBD6270C2F5246B200AB96D0 /* Release */,
			);
			defaultConfigurationIsVisible = 0;
			defaultConfigurationName = Release;
		};
/* End XCConfigurationList section */

/* Begin XCRemoteSwiftPackageReference section */
		CBD6270F2F52496200AB96D0 /* XCRemoteSwiftPackageReference "firebase-ios-sdk" */ = {
			isa = XCRemoteSwiftPackageReference;
			repositoryURL = "https://github.com/firebase/firebase-ios-sdk.git";
			requirement = {
				kind = upToNextMajorVersion;
				minimumVersion = 12.10.0;
			};
		};
/* End XCRemoteSwiftPackageReference section */

/* Begin XCSwiftPackageProductDependency section */
		CB9509712F6343A700FB922C /* FirebaseMessaging */ = {
			isa = XCSwiftPackageProductDependency;
			package = CBD6270F2F52496200AB96D0 /* XCRemoteSwiftPackageReference "firebase-ios-sdk" */;
			productName = FirebaseMessaging;
		};
		CBD627102F52496200AB96D0 /* FirebaseAuth */ = {
			isa = XCSwiftPackageProductDependency;
			package = CBD6270F2F52496200AB96D0 /* XCRemoteSwiftPackageReference "firebase-ios-sdk" */;
			productName = FirebaseAuth;
		};
		CBD627122F52496200AB96D0 /* FirebaseCore */ = {
			isa = XCSwiftPackageProductDependency;
			package = CBD6270F2F52496200AB96D0 /* XCRemoteSwiftPackageReference "firebase-ios-sdk" */;
			productName = FirebaseCore;
		};
		CBD627142F52496200AB96D0 /* FirebaseFirestore */ = {
			isa = XCSwiftPackageProductDependency;
			package = CBD6270F2F52496200AB96D0 /* XCRemoteSwiftPackageReference "firebase-ios-sdk" */;
			productName = FirebaseFirestore;
		};
		CBD627162F52496200AB96D0 /* FirebaseRemoteConfig */ = {
			isa = XCSwiftPackageProductDependency;
			package = CBD6270F2F52496200AB96D0 /* XCRemoteSwiftPackageReference "firebase-ios-sdk" */;
			productName = FirebaseRemoteConfig;
		};
/* End XCSwiftPackageProductDependency section */
	};
	rootObject = CBD626D92F5246B000AB96D0 /* Project object */;
}
